
Microsoft Visual Studio Solution File, Format Version 11.00
# Visual Studio 2010
Project("{FAE04EC0-301F-11D3-BF4B-00C04F79EFBC}") = "410517215", "Assembly-CSharp-firstpass.csproj", "{D8B9A35E-17A1-3069-0242-7C5CFB8F0BDF}"
EndProject
Project("{FAE04EC0-301F-11D3-BF4B-00C04F79EFBC}") = "410517215", "Assembly-CSharp.csproj", "{1146A844-DE83-D813-D086-59C1E58CD3F3}"
EndProject
Project("{FAE04EC0-301F-11D3-BF4B-00C04F79EFBC}") = "410517215", "Assembly-CSharp-Editor-firstpass.csproj", "{47AA0231-C87A-8D11-26F6-CFEAD03BD98D}"
EndProject
Global
	GlobalSection(SolutionConfigurationPlatforms) = preSolution
		Debug|Any CPU = Debug|Any CPU
		Release|Any CPU = Release|Any CPU
	EndGlobalSection
	GlobalSection(ProjectConfigurationPlatforms) = postSolution
		{D8B9A35E-17A1-3069-0242-7C5CFB8F0BDF}.Debug|Any CPU.ActiveCfg = Debug|Any CPU
		{D8B9A35E-17A1-3069-0242-7C5CFB8F0BDF}.Debug|Any CPU.Build.0 = Debug|Any CPU
		{D8B9A35E-17A1-3069-0242-7C5CFB8F0BDF}.Release|Any CPU.ActiveCfg = Release|Any CPU
		{D8B9A35E-17A1-3069-0242-7C5CFB8F0BDF}.Release|Any CPU.Build.0 = Release|Any CPU
		{1146A844-DE83-D813-D086-59C1E58CD3F3}.Debug|Any CPU.ActiveCfg = Debug|Any CPU
		{1146A844-DE83-D813-D086-59C1E58CD3F3}.Debug|Any CPU.Build.0 = Debug|Any CPU
		{1146A844-DE83-D813-D086-59C1E58CD3F3}.Release|Any CPU.ActiveCfg = Release|Any CPU
		{1146A844-DE83-D813-D086-59C1E58CD3F3}.Release|Any CPU.Build.0 = Release|Any CPU
		{47AA0231-C87A-8D11-26F6-CFEAD03BD98D}.Debug|Any CPU.ActiveCfg = Debug|Any CPU
		{47AA0231-C87A-8D11-26F6-CFEAD03BD98D}.Debug|Any CPU.Build.0 = Debug|Any CPU
		{47AA0231-C87A-8D11-26F6-CFEAD03BD98D}.Release|Any CPU.ActiveCfg = Release|Any CPU
		{47AA0231-C87A-8D11-26F6-CFEAD03BD98D}.Release|Any CPU.Build.0 = Release|Any CPU
	EndGlobalSection
	GlobalSection(SolutionProperties) = preSolution
		HideSolutionNode = FALSE
	EndGlobalSection
	GlobalSection(MonoDevelopProperties) = preSolution
		StartupItem = Assembly-CSharp.csproj
	EndGlobalSection
EndGlobal
